Microsoft Visual Studio Solution File, Format Version 11.00
# Visual Studio 2010
Project("{FAE04EC0-301F-11D3-BF4B-00C04F79EFBC}") = "DXGrid_MultiSelectColumn", "DXGrid_MultiSelectColumn\DXGrid_MultiSelectColumn.csproj", "{18C3D558-410E-4162-8923-32AE6C010746}"
EndProject
Global
	GlobalSection(SolutionConfigurationPlatforms) = preSolution
		Debug|Any CPU = Debug|Any CPU
		Release|Any CPU = Release|Any CPU
	EndGlobalSection
	GlobalSection(ProjectConfigurationPlatforms) = postSolution
		{18C3D558-410E-4162-8923-32AE6C010746}.Debug|Any CPU.ActiveCfg = Debug|Any CPU
		{18C3D558-410E-4162-8923-32AE6C010746}.Debug|Any CPU.Build.0 = Debug|Any CPU
		{18C3D558-410E-4162-8923-32AE6C010746}.Release|Any CPU.ActiveCfg = Release|Any CPU
		{18C3D558-410E-4162-8923-32AE6C010746}.Release|Any CPU.Build.0 = Release|Any CPU
	EndGlobalSection
	GlobalSection(SolutionProperties) = preSolution
		HideSolutionNode = FALSE
	EndGlobalSection
EndGlobal
